{
  "version": 4,
  "terraform_version": "1.0.11",
  "serial": 25,
  "lineage": "82826b51-3564-466d-8493-2a5278eee66e",
  "outputs": {},
  "resources": [
    {
      "mode": "managed",
      "type": "google_compute_network",
      "name": "vpc",
      "provider": "provider[\"registry.terraform.io/hashicorp/google\"]",
      "instances": [
        {
          "schema_version": 0,
          "attributes": {
            "auto_create_subnetworks": false,
            "delete_default_routes_on_create": false,
            "description": "",
            "gateway_ipv4": "",
            "id": "projects/silver-charmer-243611/global/networks/silver-charmer-243611-vpc",
            "mtu": 0,
            "name": "silver-charmer-243611-vpc",
            "project": "silver-charmer-243611",
            "routing_mode": "REGIONAL",
            "self_link": "https://www.googleapis.com/compute/v1/projects/silver-charmer-243611/global/networks/silver-charmer-243611-vpc",
            "timeouts": null
          },
          "sensitive_attributes": [],
          "private": "eyJlMmJmYjczMC1lY2FhLTExZTYtOGY4OC0zNDM2M2JjN2M0YzAiOnsiY3JlYXRlIjoyNDAwMDAwMDAwMDAsImRlbGV0ZSI6MjQwMDAwMDAwMDAwLCJ1cGRhdGUiOjI0MDAwMDAwMDAwMH19"
        }
      ]
    },
    {
      "mode": "managed",
      "type": "google_compute_subnetwork",
      "name": "subnet",
      "provider": "provider[\"registry.terraform.io/hashicorp/google\"]",
      "instances": [
        {
          "schema_version": 0,
          "attributes": {
            "creation_timestamp": "2021-12-06T18:08:38.429-08:00",
            "description": "",
            "external_ipv6_prefix": "",
            "fingerprint": null,
            "gateway_address": "10.10.0.1",
            "id": "projects/silver-charmer-243611/regions/us-central1/subnetworks/silver-charmer-243611-subnet",
            "ip_cidr_range": "10.10.0.0/24",
            "ipv6_access_type": "",
            "ipv6_cidr_range": "",
            "log_config": [],
            "name": "silver-charmer-243611-subnet",
            "network": "https://www.googleapis.com/compute/v1/projects/silver-charmer-243611/global/networks/silver-charmer-243611-vpc",
            "private_ip_google_access": false,
            "private_ipv6_google_access": "DISABLE_GOOGLE_ACCESS",
            "project": "silver-charmer-243611",
            "purpose": "PRIVATE",
            "region": "us-central1",
            "role": "",
            "secondary_ip_range": [],
            "self_link": "https://www.googleapis.com/compute/v1/projects/silver-charmer-243611/regions/us-central1/subnetworks/silver-charmer-243611-subnet",
            "stack_type": "IPV4_ONLY",
            "timeouts": null
          },
          "sensitive_attributes": [],
          "private": "eyJlMmJmYjczMC1lY2FhLTExZTYtOGY4OC0zNDM2M2JjN2M0YzAiOnsiY3JlYXRlIjozNjAwMDAwMDAwMDAsImRlbGV0ZSI6MzYwMDAwMDAwMDAwLCJ1cGRhdGUiOjM2MDAwMDAwMDAwMH19",
          "dependencies": [
            "google_compute_network.vpc"
          ]
        }
      ]
    },
    {
      "mode": "managed",
      "type": "google_container_cluster",
      "name": "primary",
      "provider": "provider[\"registry.terraform.io/hashicorp/google\"]",
      "instances": [
        {
          "schema_version": 1,
          "attributes": {
            "addons_config": [
              {
                "cloudrun_config": [],
                "horizontal_pod_autoscaling": [],
                "http_load_balancing": [],
                "network_policy_config": [
                  {
                    "disabled": true
                  }
                ]
              }
            ],
            "authenticator_groups_config": [],
            "cluster_autoscaling": [
              {
                "auto_provisioning_defaults": [],
                "enabled": false,
                "resource_limits": []
              }
            ],
            "cluster_ipv4_cidr": "10.56.0.0/14",
            "database_encryption": [
              {
                "key_name": "",
                "state": "DECRYPTED"
              }
            ],
            "datapath_provider": "",
            "default_max_pods_per_node": 110,
            "default_snat_status": [
              {
                "disabled": false
              }
            ],
            "description": "",
            "enable_autopilot": false,
            "enable_binary_authorization": false,
            "enable_intranode_visibility": false,
            "enable_kubernetes_alpha": false,
            "enable_legacy_abac": false,
            "enable_shielded_nodes": true,
            "enable_tpu": false,
            "endpoint": "34.67.9.210",
            "id": "projects/silver-charmer-243611/locations/us-central1/clusters/silver-charmer-243611-gke",
            "initial_node_count": 1,
            "ip_allocation_policy": [
              {
                "cluster_ipv4_cidr_block": "10.56.0.0/14",
                "cluster_secondary_range_name": "gke-silver-charmer-243611-gke-pods-6a56c0ba",
                "services_ipv4_cidr_block": "10.60.0.0/20",
                "services_secondary_range_name": "gke-silver-charmer-243611-gke-services-6a56c0ba"
              }
            ],
            "label_fingerprint": "a9dc16a7",
            "location": "us-central1",
            "logging_config": [
              {
                "enable_components": [
                  "SYSTEM_COMPONENTS",
                  "WORKLOADS"
                ]
              }
            ],
            "logging_service": "logging.googleapis.com/kubernetes",
            "maintenance_policy": [],
            "master_auth": [
              {
                "client_certificate": "",
                "client_certificate_config": [
                  {
                    "issue_client_certificate": false
                  }
                ],
                "client_key": "",
                "cluster_ca_certificate": "LS0tLS1CRUdJTiBDRVJUSUZJQ0FURS0tLS0tCk1JSUVMVENDQXBXZ0F3SUJBZ0lSQU8vNkFOdUt4NzBKcFgydFkyaUpkejR3RFFZSktvWklodmNOQVFFTEJRQXcKTHpFdE1Dc0dBMVVFQXhNa05tWXhaalUxWVRFdFpUVmlNeTAwTWpJd0xXRmxZVFl0WldReE4yWXdZemRrTmpJMQpNQ0FYRFRJeE1USXdOekF4TURrd05sb1lEekl3TlRFeE1UTXdNREl3T1RBMldqQXZNUzB3S3dZRFZRUURFeVEyClpqRm1OVFZoTVMxbE5XSXpMVFF5TWpBdFlXVmhOaTFsWkRFM1pqQmpOMlEyTWpVd2dnR2lNQTBHQ1NxR1NJYjMKRFFFQkFRVUFBNElCandBd2dnR0tBb0lCZ1FDbzJYY1JDbVZFbGt4RjJuV2xRbFpkY0dxb2RaeExxSjlsdmw2VgpVb1F5OTEyQVg3WXVKY2g3K25oYk95YndHUTgxeHdMMjN0dXp0dW9hTHFTZFA2bm9RQWRUUktoUFIvN3ZFWEhQCkhpQVBrUzg0Sm94c3lWTm9lWUtYZUdNQUFScC92LzdJRWtFbnFjNUFaT2pCb2RnaUErMlIyYWJoTm8vYVNTZzEKaTBDYzY3KzhWTTI0bVNLWHFRZDZDTmthQURBTVplWWo0Q2VMaWFSN2Fxb0xaT2ozU0NSUXpDUUhhVy8rbVRGMQpXb1BDTThKV3lBeHI5SkJhYzJaUzVhM3dVQTA4QWNzZjJESGpLN2phL3F3MVR5VVovenlnQUV5SkEydjJFZzhwClVjNWRINCtCa2dtMjFIS2ZtUUxyZTIxaWJ4Mk0rN1I1amtDZVJmSlgvVlkyamRrQjZMRjRZWlFnYnBjK3BhYmYKV3Fjanhub1RuSEQ2bkJib0k0ZnAzQ28rWm94eEdVTnV2TzJkM0NoMjRjUmZVOXROUHVlQXBaWU01L2ZYREtVbQpnc1hUNG12TFUxYWo1UkFVUGZOWWwwRmpjTWlWVVRkSXdiSHpVbkhDa0NWRExOQWhaM0ZEVkQ3UDRoWWtVNUJnClBWQUIzTFlUQkRIa3R4MjZYZXpvVkFCSWE4VUNBd0VBQWFOQ01FQXdEZ1lEVlIwUEFRSC9CQVFEQWdJRU1BOEcKQTFVZEV3RUIvd1FGTUFNQkFmOHdIUVlEVlIwT0JCWUVGQm9YNlV3RlZPTDVCWTdSczFwdlp2TGdlZVNwTUEwRwpDU3FHU0liM0RRRUJDd1VBQTRJQmdRQkZ5eWZtTk94ZkpqWFkyY2FXNXdRZXVwYnZZNm83cFFhZURUOStIZXQzCjU1WlZhMDB0TU5ZdE9ZRGEwM2ExWXV1ais3S1h2NENURnY2a25IUE1LZDRSSWR3RTlTcDdzNFdhNXFEWmpuYkwKdndUZ2xaVlNDNVIwVU8xZW9nZy91QmVqZmVqem50cVJwNTJZbzBzckxsblZwMFZ5b0xRSkFkK2RjNkRrbDBrRQpOVjZLNU9GR2Z4MUE0ZGhYRVloc25zSXFOZ2M2bUZ2ZXp0R0pwSkJETHFKSTRpcGFGYmsvc1c5ei9xVUhlS0JYCktBVzZxbnZ0ZjEzNzljSVNLb3FaUXIvaUh5T0tpMlRUT3BzZjhFUXl5ZTVpRlJ3Q0c1ZUxrbUZKbWl0NHYzR0UKeS9rQXBQM1MzSTJHTDVLSHVJaDRrcWowd3Qwa1gzTm0vMHo3ZmZWUGdXWlZpVzlYdjNwdER2T0xDWFdRTHpBVQpDYTl2a3puc0hUTnl6S3BxeHFRWFZPOGxoMkdpY21uNlU5R2FEMkVVOGMxZ0JWR1EzWHZER2FjNWtRdWhYcjhoCnY4UXkrMlJYcXlsam5oaDZxUTlVeWhJTEE2VUsybWQ0ckZHTnJjUGRtc0o1WGtrRzNXK05OcXhVNVFNamRsQTMKY2RIc3E1U0Z1eFVRbStkMDJoWXpUejA9Ci0tLS0tRU5EIENFUlRJRklDQVRFLS0tLS0K"
              }
            ],
            "master_authorized_networks_config": [],
            "master_version": "1.21.5-gke.1302",
            "min_master_version": null,
            "monitoring_config": [
              {
                "enable_components": [
                  "SYSTEM_COMPONENTS"
                ]
              }
            ],
            "monitoring_service": "monitoring.googleapis.com/kubernetes",
            "name": "silver-charmer-243611-gke",
            "network": "projects/silver-charmer-243611/global/networks/silver-charmer-243611-vpc",
            "network_policy": [
              {
                "enabled": false,
                "provider": "PROVIDER_UNSPECIFIED"
              }
            ],
            "networking_mode": "VPC_NATIVE",
            "node_config": [],
            "node_locations": [
              "us-central1-a",
              "us-central1-c",
              "us-central1-f"
            ],
            "node_pool": [],
            "node_version": "1.21.5-gke.1302",
            "operation": null,
            "private_cluster_config": [],
            "private_ipv6_google_access": "",
            "project": "silver-charmer-243611",
            "release_channel": [
              {
                "channel": "REGULAR"
              }
            ],
            "remove_default_node_pool": true,
            "resource_labels": null,
            "resource_usage_export_config": [],
            "self_link": "https://container.googleapis.com/v1/projects/silver-charmer-243611/locations/us-central1/clusters/silver-charmer-243611-gke",
            "services_ipv4_cidr": "10.60.0.0/20",
            "subnetwork": "projects/silver-charmer-243611/regions/us-central1/subnetworks/silver-charmer-243611-subnet",
            "timeouts": null,
            "tpu_ipv4_cidr_block": "",
            "vertical_pod_autoscaling": [],
            "workload_identity_config": []
          },
          "sensitive_attributes": [],
          "private": "eyJlMmJmYjczMC1lY2FhLTExZTYtOGY4OC0zNDM2M2JjN2M0YzAiOnsiY3JlYXRlIjoyNDAwMDAwMDAwMDAwLCJkZWxldGUiOjI0MDAwMDAwMDAwMDAsInJlYWQiOjI0MDAwMDAwMDAwMDAsInVwZGF0ZSI6MzYwMDAwMDAwMDAwMH0sInNjaGVtYV92ZXJzaW9uIjoiMSJ9",
          "dependencies": [
            "google_compute_network.vpc",
            "google_compute_subnetwork.subnet"
          ]
        }
      ]
    },
    {
      "mode": "managed",
      "type": "google_container_node_pool",
      "name": "primary_nodes",
      "provider": "provider[\"registry.terraform.io/hashicorp/google\"]",
      "instances": [
        {
          "schema_version": 1,
          "attributes": {
            "autoscaling": [],
            "cluster": "silver-charmer-243611-gke",
            "id": "projects/silver-charmer-243611/locations/us-central1/clusters/silver-charmer-243611-gke/nodePools/silver-charmer-243611-gke-node-pool",
            "initial_node_count": 1,
            "instance_group_urls": [
              "https://www.googleapis.com/compute/v1/projects/silver-charmer-243611/zones/us-central1-c/instanceGroupManagers/gke-silver-charmer-2-silver-charmer-2-25e557c9-grp",
              "https://www.googleapis.com/compute/v1/projects/silver-charmer-243611/zones/us-central1-a/instanceGroupManagers/gke-silver-charmer-2-silver-charmer-2-4c786978-grp",
              "https://www.googleapis.com/compute/v1/projects/silver-charmer-243611/zones/us-central1-f/instanceGroupManagers/gke-silver-charmer-2-silver-charmer-2-a18cf6a3-grp"
            ],
            "location": "us-central1",
            "managed_instance_group_urls": [
              "https://www.googleapis.com/compute/v1/projects/silver-charmer-243611/zones/us-central1-c/instanceGroups/gke-silver-charmer-2-silver-charmer-2-25e557c9-grp",
              "https://www.googleapis.com/compute/v1/projects/silver-charmer-243611/zones/us-central1-a/instanceGroups/gke-silver-charmer-2-silver-charmer-2-4c786978-grp",
              "https://www.googleapis.com/compute/v1/projects/silver-charmer-243611/zones/us-central1-f/instanceGroups/gke-silver-charmer-2-silver-charmer-2-a18cf6a3-grp"
            ],
            "management": [
              {
                "auto_repair": true,
                "auto_upgrade": true
              }
            ],
            "max_pods_per_node": 110,
            "name": "silver-charmer-243611-gke-node-pool",
            "name_prefix": "",
            "node_config": [
              {
                "disk_size_gb": 100,
                "disk_type": "pd-standard",
                "guest_accelerator": [],
                "image_type": "COS_CONTAINERD",
                "labels": {
                  "env": "silver-charmer-243611"
                },
                "local_ssd_count": 0,
                "machine_type": "n1-standard-1",
                "metadata": {
                  "disable-legacy-endpoints": "true"
                },
                "min_cpu_platform": "",
                "oauth_scopes": [
                  "https://www.googleapis.com/auth/logging.write",
                  "https://www.googleapis.com/auth/monitoring"
                ],
                "preemptible": false,
                "service_account": "default",
                "shielded_instance_config": [
                  {
                    "enable_integrity_monitoring": true,
                    "enable_secure_boot": false
                  }
                ],
                "tags": [
                  "gke-node",
                  "silver-charmer-243611-gke"
                ],
                "taint": [],
                "workload_metadata_config": []
              }
            ],
            "node_count": 1,
            "node_locations": [
              "us-central1-a",
              "us-central1-c",
              "us-central1-f"
            ],
            "operation": null,
            "project": "silver-charmer-243611",
            "timeouts": null,
            "upgrade_settings": [
              {
                "max_surge": 1,
                "max_unavailable": 0
              }
            ],
            "version": "1.21.5-gke.1302"
          },
          "sensitive_attributes": [],
          "private": "eyJlMmJmYjczMC1lY2FhLTExZTYtOGY4OC0zNDM2M2JjN2M0YzAiOnsiY3JlYXRlIjoxODAwMDAwMDAwMDAwLCJkZWxldGUiOjE4MDAwMDAwMDAwMDAsInVwZGF0ZSI6MTgwMDAwMDAwMDAwMH0sInNjaGVtYV92ZXJzaW9uIjoiMSJ9",
          "dependencies": [
            "google_compute_network.vpc",
            "google_compute_subnetwork.subnet",
            "google_container_cluster.primary"
          ]
        }
      ]
    }
  ]
}
